
Microsoft Visual Studio Solution File, Format Version 12.00
# Visual Studio Version 16
VisualStudioVersion = 16.0.30114.105
MinimumVisualStudioVersion = 10.0.40219.1
Project("{FAE04EC0-301F-11D3-BF4B-00C04F79EFBC}") = "MovieRentals.Api", "MovieRentals.Api\MovieRentals.Api.csproj", "{AFBF62A8-007C-496F-9FD5-9171FCE607D3}"
EndProject
Project("{FAE04EC0-301F-11D3-BF4B-00C04F79EFBC}") = "MovieRentals.Domain", "MovieRentals.Domain\MovieRentals.Domain.csproj", "{1D43AF85-CC56-4187-81FC-38DAE52F12DB}"
EndProject
Project("{FAE04EC0-301F-11D3-BF4B-00C04F79EFBC}") = "MovieRentals.Infra", "MovieRentals.Infra\MovieRentals.Infra.csproj", "{EBB22CE2-8865-4CA5-880A-316C66757403}"
EndProject
Project("{FAE04EC0-301F-11D3-BF4B-00C04F79EFBC}") = "MovieRentals.Service", "MovieRentals.Service\MovieRentals.Service.csproj", "{4190E30B-2DB5-4AF0-B623-3E8C87325F00}"
EndProject
Global
	GlobalSection(SolutionConfigurationPlatforms) = preSolution
		Debug|Any CPU = Debug|Any CPU
		Debug|x64 = Debug|x64
		Debug|x86 = Debug|x86
		Release|Any CPU = Release|Any CPU
		Release|x64 = Release|x64
		Release|x86 = Release|x86
	EndGlobalSection
	GlobalSection(SolutionProperties) = preSolution
		HideSolutionNode = FALSE
	EndGlobalSection
	GlobalSection(ProjectConfigurationPlatforms) = postSolution
		{AFBF62A8-007C-496F-9FD5-9171FCE607D3}.Debug|Any CPU.ActiveCfg = Debug|Any CPU
		{AFBF62A8-007C-496F-9FD5-9171FCE607D3}.Debug|Any CPU.Build.0 = Debug|Any CPU
		{AFBF62A8-007C-496F-9FD5-9171FCE607D3}.Debug|x64.ActiveCfg = Debug|Any CPU
		{AFBF62A8-007C-496F-9FD5-9171FCE607D3}.Debug|x64.Build.0 = Debug|Any CPU
		{AFBF62A8-007C-496F-9FD5-9171FCE607D3}.Debug|x86.ActiveCfg = Debug|Any CPU
		{AFBF62A8-007C-496F-9FD5-9171FCE607D3}.Debug|x86.Build.0 = Debug|Any CPU
		{AFBF62A8-007C-496F-9FD5-9171FCE607D3}.Release|Any CPU.ActiveCfg = Release|Any CPU
		{AFBF62A8-007C-496F-9FD5-9171FCE607D3}.Release|Any CPU.Build.0 = Release|Any CPU
		{AFBF62A8-007C-496F-9FD5-9171FCE607D3}.Release|x64.ActiveCfg = Release|Any CPU
		{AFBF62A8-007C-496F-9FD5-9171FCE607D3}.Release|x64.Build.0 = Release|Any CPU
		{AFBF62A8-007C-496F-9FD5-9171FCE607D3}.Release|x86.ActiveCfg = Release|Any CPU
		{AFBF62A8-007C-496F-9FD5-9171FCE607D3}.Release|x86.Build.0 = Release|Any CPU
		{1D43AF85-CC56-4187-81FC-38DAE52F12DB}.Debug|Any CPU.ActiveCfg = Debug|Any CPU
		{1D43AF85-CC56-4187-81FC-38DAE52F12DB}.Debug|Any CPU.Build.0 = Debug|Any CPU
		{1D43AF85-CC56-4187-81FC-38DAE52F12DB}.Debug|x64.ActiveCfg = Debug|Any CPU
		{1D43AF85-CC56-4187-81FC-38DAE52F12DB}.Debug|x64.Build.0 = Debug|Any CPU
		{1D43AF85-CC56-4187-81FC-38DAE52F12DB}.Debug|x86.ActiveCfg = Debug|Any CPU
		{1D43AF85-CC56-4187-81FC-38DAE52F12DB}.Debug|x86.Build.0 = Debug|Any CPU
		{1D43AF85-CC56-4187-81FC-38DAE52F12DB}.Release|Any CPU.ActiveCfg = Release|Any CPU
		{1D43AF85-CC56-4187-81FC-38DAE52F12DB}.Release|Any CPU.Build.0 = Release|Any CPU
		{1D43AF85-CC56-4187-81FC-38DAE52F12DB}.Release|x64.ActiveCfg = Release|Any CPU
		{1D43AF85-CC56-4187-81FC-38DAE52F12DB}.Release|x64.Build.0 = Release|Any CPU
		{1D43AF85-CC56-4187-81FC-38DAE52F12DB}.Release|x86.ActiveCfg = Release|Any CPU
		{1D43AF85-CC56-4187-81FC-38DAE52F12DB}.Release|x86.Build.0 = Release|Any CPU
		{EBB22CE2-8865-4CA5-880A-316C66757403}.Debug|Any CPU.ActiveCfg = Debug|Any CPU
		{EBB22CE2-8865-4CA5-880A-316C66757403}.Debug|Any CPU.Build.0 = Debug|Any CPU
		{EBB22CE2-8865-4CA5-880A-316C66757403}.Debug|x64.ActiveCfg = Debug|Any CPU
		{EBB22CE2-8865-4CA5-880A-316C66757403}.Debug|x64.Build.0 = Debug|Any CPU
		{EBB22CE2-8865-4CA5-880A-316C66757403}.Debug|x86.ActiveCfg = Debug|Any CPU
		{EBB22CE2-8865-4CA5-880A-316C66757403}.Debug|x86.Build.0 = Debug|Any CPU
		{EBB22CE2-8865-4CA5-880A-316C66757403}.Release|Any CPU.ActiveCfg = Release|Any CPU
		{EBB22CE2-8865-4CA5-880A-316C66757403}.Release|Any CPU.Build.0 = Release|Any CPU
		{EBB22CE2-8865-4CA5-880A-316C66757403}.Release|x64.ActiveCfg = Release|Any CPU
		{EBB22CE2-8865-4CA5-880A-316C66757403}.Release|x64.Build.0 = Release|Any CPU
		{EBB22CE2-8865-4CA5-880A-316C66757403}.Release|x86.ActiveCfg = Release|Any CPU
		{EBB22CE2-8865-4CA5-880A-316C66757403}.Release|x86.Build.0 = Release|Any CPU
		{4190E30B-2DB5-4AF0-B623-3E8C87325F00}.Debug|Any CPU.ActiveCfg = Debug|Any CPU
		{4190E30B-2DB5-4AF0-B623-3E8C87325F00}.Debug|Any CPU.Build.0 = Debug|Any CPU
		{4190E30B-2DB5-4AF0-B623-3E8C87325F00}.Debug|x64.ActiveCfg = Debug|Any CPU
		{4190E30B-2DB5-4AF0-B623-3E8C87325F00}.Debug|x64.Build.0 = Debug|Any CPU
		{4190E30B-2DB5-4AF0-B623-3E8C87325F00}.Debug|x86.ActiveCfg = Debug|Any CPU
		{4190E30B-2DB5-4AF0-B623-3E8C87325F00}.Debug|x86.Build.0 = Debug|Any CPU
		{4190E30B-2DB5-4AF0-B623-3E8C87325F00}.Release|Any CPU.ActiveCfg = Release|Any CPU
		{4190E30B-2DB5-4AF0-B623-3E8C87325F00}.Release|Any CPU.Build.0 = Release|Any CPU
		{4190E30B-2DB5-4AF0-B623-3E8C87325F00}.Release|x64.ActiveCfg = Release|Any CPU
		{4190E30B-2DB5-4AF0-B623-3E8C87325F00}.Release|x64.Build.0 = Release|Any CPU
		{4190E30B-2DB5-4AF0-B623-3E8C87325F00}.Release|x86.ActiveCfg = Release|Any CPU
		{4190E30B-2DB5-4AF0-B623-3E8C87325F00}.Release|x86.Build.0 = Release|Any CPU
	EndGlobalSection
EndGlobal
